// !$*UTF8*$!
{
	archiveVersion = 1;
	classes = {
	};
	objectVersion = 77;
	objects = {

/* Begin PBXContainerItemProxy section */
		3A385DD02CFDEFCC00BA63FE /* PBXContainerItemProxy */ = {
			isa = PBXContainerItemProxy;
			containerPortal = 3A385DB72CFDEFCB00BA63FE /* Project object */;
			proxyType = 1;
			remoteGlobalIDString = 3A385DBE2CFDEFCB00BA63FE;
			remoteInfo = MyBuddyDemo;
		};
		3A385DDA2CFDEFCC00BA63FE /* PBXContainerItemProxy */ = {
			isa = PBXContainerItemProxy;
			containerPortal = 3A385DB72CFDEFCB00BA63FE /* Project object */;
			proxyType = 1;
			remoteGlobalIDString = 3A385DBE2CFDEFCB00BA63FE;
			remoteInfo = MyBuddyDemo;
		};
/* End PBXContainerItemProxy section */

/* Begin PBXFileReference section */
		3A385DBF2CFDEFCB00BA63FE /* MyBuddyDemo.app */ = {isa = PBXFileReference; explicitFileType = wrapper.application; includeInIndex = 0; path = MyBuddyDemo.app; sourceTree = BUILT_PRODUCTS_DIR; };
		3A385DCF2CFDEFCC00BA63FE /* MyBuddyDemoTests.xctest */ = {isa = PBXFileReference; explicitFileType = wrapper.cfbundle; includeInIndex = 0; path = MyBuddyDemoTests.xctest; sourceTree = BUILT_PRODUCTS_DIR; };
		3A385DD92CFDEFCC00BA63FE /* MyBuddyDemoUITests.xctest */ = {isa = PBXFileReference; explicitFileType = wrapper.cfbundle; includeInIndex = 0; path = MyBuddyDemoUITests.xctest; sourceTree = BUILT_PRODUCTS_DIR; };
/* End PBXFileReference section */

/* Begin PBXFileSystemSynchronizedRootGroup section */
		3A385DC12CFDEFCB00BA63FE /* MyBuddyDemo */ = {
			isa = PBXFileSystemSynchronizedRootGroup;
			path = MyBuddyDemo;
			sourceTree = "<group>";
		};
		3A385DD22CFDEFCC00BA63FE /* MyBuddyDemoTests */ = {
			isa = PBXFileSystemSynchronizedRootGroup;
			path = MyBuddyDemoTests;
			sourceTree = "<group>";
		};
		3A385DDC2CFDEFCC00BA63FE /* MyBuddyDemoUITests */ = {
			isa = PBXFileSystemSynchronizedRootGroup;
			path = MyBuddyDemoUITests;
			sourceTree = "<group>";
		};
/* End PBXFileSystemSynchronizedRootGroup section */

/* Begin PBXFrameworksBuildPhase section */
		3A385DBC2CFDEFCB00BA63FE /* Frameworks */ = {
			isa = PBXFrameworksBuildPhase;
			buildActionMask = 2147483647;
			files = (
			);
			runOnlyForDeploymentPostprocessing = 0;
		};
		3A385DCC2CFDEFCC00BA63FE /* Frameworks */ = {
			isa = PBXFrameworksBuildPhase;
			buildActionMask = 2147483647;
			files = (
			);
			runOnlyForDeploymentPostprocessing = 0;
		};
		3A385DD62CFDEFCC00BA63FE /* Frameworks */ = {
			isa = PBXFrameworksBuildPhase;
			buildActionMask = 2147483647;
			files = (
			);
			runOnlyForDeploymentPostprocessing = 0;
		};
/* End PBXFrameworksBuildPhase section */

/* Begin PBXGroup section */
		3A385DB62CFDEFCB00BA63FE = {
			isa = PBXGroup;
			children = (
				3A385DC12CFDEFCB00BA63FE /* MyBuddyDemo */,
				3A385DD22CFDEFCC00BA63FE /* MyBuddyDemoTests */,
				3A385DDC2CFDEFCC00BA63FE /* MyBuddyDemoUITests */,
				3A385DC02CFDEFCB00BA63FE /* Products */,
			);
			sourceTree = "<group>";
		};
		3A385DC02CFDEFCB00BA63FE /* Products */ = {
			isa = PBXGroup;
			children = (
				3A385DBF2CFDEFCB00BA63FE /* MyBuddyDemo.app */,
				3A385DCF2CFDEFCC00BA63FE /* MyBuddyDemoTests.xctest */,
				3A385DD92CFDEFCC00BA63FE /* MyBuddyDemoUITests.xctest */,
			);
			name = Products;
			sourceTree = "<group>";
		};
/* End PBXGroup section */

/* Begin PBXNativeTarget section */
		3A385DBE2CFDEFCB00BA63FE /* MyBuddyDemo */ = {
			isa = PBXNativeTarget;
			buildConfigurationList = 3A385DE32CFDEFCC00BA63FE /* Build configuration list for PBXNativeTarget "MyBuddyDemo" */;
			buildPhases = (
				3A385DBB2CFDEFCB00BA63FE /* Sources */,
				3A385DBC2CFDEFCB00BA63FE /* Frameworks */,
				3A385DBD2CFDEFCB00BA63FE /* Resources */,
			);
			buildRules = (
			);
			dependencies = (
			);
			fileSystemSynchronizedGroups = (
				3A385DC12CFDEFCB00BA63FE /* MyBuddyDemo */,
			);
			name = MyBuddyDemo;
			packageProductDependencies = (
			);
			productName = MyBuddyDemo;
			productReference = 3A385DBF2CFDEFCB00BA63FE /* MyBuddyDemo.app */;
			productType = "com.apple.product-type.application";
		};
		3A385DCE2CFDEFCC00BA63FE /* MyBuddyDemoTests */ = {
			isa = PBXNativeTarget;
			buildConfigurationList = 3A385DE62CFDEFCC00BA63FE /* Build configuration list for PBXNativeTarget "MyBuddyDemoTests" */;
			buildPhases = (
				3A385DCB2CFDEFCC00BA63FE /* Sources */,
				3A385DCC2CFDEFCC00BA63FE /* Frameworks */,
				3A385DCD2CFDEFCC00BA63FE /* Resources */,
			);
			buildRules = (
			);
			dependencies = (
				3A385DD12CFDEFCC00BA63FE /* PBXTargetDependency */,
			);
			fileSystemSynchronizedGroups = (
				3A385DD22CFDEFCC00BA63FE /* MyBuddyDemoTests */,
			);
			name = MyBuddyDemoTests;
			packageProductDependencies = (
			);
			productName = MyBuddyDemoTests;
			productReference = 3A385DCF2CFDEFCC00BA63FE /* MyBuddyDemoTests.xctest */;
			productType = "com.apple.product-type.bundle.unit-test";
		};
		3A385DD82CFDEFCC00BA63FE /* MyBuddyDemoUITests */ = {
			isa = PBXNativeTarget;
			buildConfigurationList = 3A385DE92CFDEFCC00BA63FE /* Build configuration list for PBXNativeTarget "MyBuddyDemoUITests" */;
			buildPhases = (
				3A385DD52CFDEFCC00BA63FE /* Sources */,
				3A385DD62CFDEFCC00BA63FE /* Frameworks */,
				3A385DD72CFDEFCC00BA63FE /* Resources */,
			);
			buildRules = (
			);
			dependencies = (
				3A385DDB2CFDEFCC00BA63FE /* PBXTargetDependency */,
			);
			fileSystemSynchronizedGroups = (
				3A385DDC2CFDEFCC00BA63FE /* MyBuddyDemoUITests */,
			);
			name = MyBuddyDemoUITests;
			packageProductDependencies = (
			);
			productName = MyBuddyDemoUITests;
			productReference = 3A385DD92CFDEFCC00BA63FE /* MyBuddyDemoUITests.xctest */;
			productType = "com.apple.product-type.bundle.ui-testing";
		};
/* End PBXNativeTarget section */

/* Begin PBXProject section */
		3A385DB72CFDEFCB00BA63FE /* Project object */ = {
			isa = PBXProject;
			attributes = {
				BuildIndependentTargetsInParallel = 1;
				LastSwiftUpdateCheck = 1610;
				LastUpgradeCheck = 1610;
				TargetAttributes = {
					3A385DBE2CFDEFCB00BA63FE = {
						CreatedOnToolsVersion = 16.1;
					};
					3A385DCE2CFDEFCC00BA63FE = {
						CreatedOnToolsVersion = 16.1;
						TestTargetID = 3A385DBE2CFDEFCB00BA63FE;
					};
					3A385DD82CFDEFCC00BA63FE = {
						CreatedOnToolsVersion = 16.1;
						TestTargetID = 3A385DBE2CFDEFCB00BA63FE;
					};
				};
			};
			buildConfigurationList = 3A385DBA2CFDEFCB00BA63FE /* Build configuration list for PBXProject "MyBuddyDemo" */;
			developmentRegion = en;
			hasScannedForEncodings = 0;
			knownRegions = (
				en,
				Base,
			);
			mainGroup = 3A385DB62CFDEFCB00BA63FE;
			minimizedProjectReferenceProxies = 1;
			preferredProjectObjectVersion = 77;
			productRefGroup = 3A385DC02CFDEFCB00BA63FE /* Products */;
			projectDirPath = "";
			projectRoot = "";
			targets = (
				3A385DBE2CFDEFCB00BA63FE /* MyBuddyDemo */,
				3A385DCE2CFDEFCC00BA63FE /* MyBuddyDemoTests */,
				3A385DD82CFDEFCC00BA63FE /* MyBuddyDemoUITests */,
			);
		};
/* End PBXProject section */

/* Begin PBXResourcesBuildPhase section */
		3A385DBD2CFDEFCB00BA63FE /* Resources */ = {
			isa = PBXResourcesBuildPhase;
			buildActionMask = 2147483647;
			files = (
			);
			runOnlyForDeploymentPostprocessing = 0;
		};
		3A385DCD2CFDEFCC00BA63FE /* Resources */ = {
			isa = PBXResourcesBuildPhase;
			buildActionMask = 2147483647;
			files = (
			);
			runOnlyForDeploymentPostprocessing = 0;
		};
		3A385DD72CFDEFCC00BA63FE /* Resources */ = {
			isa = PBXResourcesBuildPhase;
			buildActionMask = 2147483647;
			files = (
			);
			runOnlyForDeploymentPostprocessing = 0;
		};
/* End PBXResourcesBuildPhase section */

/* Begin PBXSourcesBuildPhase section */
		3A385DBB2CFDEFCB00BA63FE /* Sources */ = {
			isa = PBXSourcesBuildPhase;
			buildActionMask = 2147483647;
			files = (
			);
			runOnlyForDeploymentPostprocessing = 0;
		};
		3A385DCB2CFDEFCC00BA63FE /* Sources */ = {
			isa = PBXSourcesBuildPhase;
			buildActionMask = 2147483647;
			files = (
			);
			runOnlyForDeploymentPostprocessing = 0;
		};
		3A385DD52CFDEFCC00BA63FE /* Sources */ = {
			isa = PBXSourcesBuildPhase;
			buildActionMask = 2147483647;
			files = (
			);
			runOnlyForDeploymentPostprocessing = 0;
		};
/* End PBXSourcesBuildPhase section */

/* Begin PBXTargetDependency section */
		3A385DD12CFDEFCC00BA63FE /* PBXTargetDependency */ = {
			isa = PBXTargetDependency;
			target = 3A385DBE2CFDEFCB00BA63FE /* MyBuddyDemo */;
			targetProxy = 3A385DD02CFDEFCC00BA63FE /* PBXContainerItemProxy */;
		};
		3A385DDB2CFDEFCC00BA63FE /* PBXTargetDependency */ = {
			isa = PBXTargetDependency;
			target = 3A385DBE2CFDEFCB00BA63FE /* MyBuddyDemo */;
			targetProxy = 3A385DDA2CFDEFCC00BA63FE /* PBXContainerItemProxy */;
		};
/* End PBXTargetDependency section */

/* Begin XCBuildConfiguration section */
		3A385DE12CFDEFCC00BA63FE /* Debug */ = {
			isa = XCBuildConfiguration;
			buildSettings = {
				ALWAYS_SEARCH_USER_PATHS = NO;
				ASSETCATALOG_COMPILER_GENERATE_SWIFT_ASSET_SYMBOL_EXTENSIONS = YES;
				CLANG_ANALYZER_NONNULL = YES;
				CLANG_ANALYZER_NUMBER_OBJECT_CONVERSION = YES_AGGRESSIVE;
				CLANG_CXX_LANGUAGE_STANDARD = "gnu++20";
				CLANG_ENABLE_MODULES = YES;
				CLANG_ENABLE_OBJC_ARC = YES;
				CLANG_ENABLE_OBJC_WEAK = YES;
				CLANG_WARN_BLOCK_CAPTURE_AUTORELEASING = YES;
				CLANG_WARN_BOOL_CONVERSION = YES;
				CLANG_WARN_COMMA = YES;
				CLANG_WARN_CONSTANT_CONVERSION = YES;
				CLANG_WARN_DEPRECATED_OBJC_IMPLEMENTATIONS = YES;
				CLANG_WARN_DIRECT_OBJC_ISA_USAGE = YES_ERROR;
				CLANG_WARN_DOCUMENTATION_COMMENTS = YES;
				CLANG_WARN_EMPTY_BODY = YES;
				CLANG_WARN_ENUM_CONVERSION = YES;
				CLANG_WARN_INFINITE_RECURSION = YES;
				CLANG_WARN_INT_CONVERSION = YES;
				CLANG_WARN_NON_LITERAL_NULL_CONVERSION = YES;
				CLANG_WARN_OBJC_IMPLICIT_RETAIN_SELF = YES;
				CLANG_WARN_OBJC_LITERAL_CONVERSION = YES;
				CLANG_WARN_OBJC_ROOT_CLASS = YES_ERROR;
				CLANG_WARN_QUOTED_INCLUDE_IN_FRAMEWORK_HEADER = YES;
				CLANG_WARN_RANGE_LOOP_ANALYSIS = YES;
				CLANG_WARN_STRICT_PROTOTYPES = YES;
				CLANG_WARN_SUSPICIOUS_MOVE = YES;
				CLANG_WARN_UNGUARDED_AVAILABILITY = YES_AGGRESSIVE;
				CLANG_WARN_UNREACHABLE_CODE = YES;
				CLANG_WARN__DUPLICATE_METHOD_MATCH = YES;
				COPY_PHASE_STRIP = NO;
				DEBUG_INFORMATION_FORMAT = dwarf;
				ENABLE_STRICT_OBJC_MSGSEND = YES;
				ENABLE_TESTABILITY = YES;
				ENABLE_USER_SCRIPT_SANDBOXING = YES;
				GCC_C_LANGUAGE_STANDARD = gnu17;
				GCC_DYNAMIC_NO_PIC = NO;
				GCC_NO_COMMON_BLOCKS = YES;
				GCC_OPTIMIZATION_LEVEL = 0;
				GCC_PREPROCESSOR_DEFINITIONS = (
					"DEBUG=1",
					"$(inherited)",
				);
				GCC_WARN_64_TO_32_BIT_CONVERSION = YES;
				GCC_WARN_ABOUT_RETURN_TYPE = YES_ERROR;
				GCC_WARN_UNDECLARED_SELECTOR = YES;
				GCC_WARN_UNINITIALIZED_AUTOS = YES_AGGRESSIVE;
				GCC_WARN_UNUSED_FUNCTION = YES;
				GCC_WARN_UNUSED_VARIABLE = YES;
				IPHONEOS_DEPLOYMENT_TARGET = 18.1;
				LOCALIZATION_PREFERS_STRING_CATALOGS = YES;
				MTL_ENABLE_DEBUG_INFO = INCLUDE_SOURCE;
				MTL_FAST_MATH = YES;
				ONLY_ACTIVE_ARCH = YES;
				SDKROOT = iphoneos;
				SWIFT_ACTIVE_COMPILATION_CONDITIONS = "DEBUG $(inherited)";
				SWIFT_OPTIMIZATION_LEVEL = "-Onone";
			};
			name = Debug;
		};
		3A385DE22CFDEFCC00BA63FE /* Release */ = {
			isa = XCBuildConfiguration;
			buildSettings = {
				ALWAYS_SEARCH_USER_PATHS = NO;
				ASSETCATALOG_COMPILER_GENERATE_SWIFT_ASSET_SYMBOL_EXTENSIONS = YES;
				CLANG_ANALYZER_NONNULL = YES;
				CLANG_ANALYZER_NUMBER_OBJECT_CONVERSION = YES_AGGRESSIVE;
				CLANG_CXX_LANGUAGE_STANDARD = "gnu++20";
				CLANG_ENABLE_MODULES = YES;
				CLANG_ENABLE_OBJC_ARC = YES;
				CLANG_ENABLE_OBJC_WEAK = YES;
				CLANG_WARN_BLOCK_CAPTURE_AUTORELEASING = YES;
				CLANG_WARN_BOOL_CONVERSION = YES;
				CLANG_WARN_COMMA = YES;
				CLANG_WARN_CONSTANT_CONVERSION = YES;
				CLANG_WARN_DEPRECATED_OBJC_IMPLEMENTATIONS = YES;
				CLANG_WARN_DIRECT_OBJC_ISA_USAGE = YES_ERROR;
				CLANG_WARN_DOCUMENTATION_COMMENTS = YES;
				CLANG_WARN_EMPTY_BODY = YES;
				CLANG_WARN_ENUM_CONVERSION = YES;
				CLANG_WARN_INFINITE_RECURSION = YES;
				CLANG_WARN_INT_CONVERSION = YES;
				CLANG_WARN_NON_LITERAL_NULL_CONVERSION = YES;
				CLANG_WARN_OBJC_IMPLICIT_RETAIN_SELF = YES;
				CLANG_WARN_OBJC_LITERAL_CONVERSION = YES;
				CLANG_WARN_OBJC_ROOT_CLASS = YES_ERROR;
				CLANG_WARN_QUOTED_INCLUDE_IN_FRAMEWORK_HEADER = YES;
				CLANG_WARN_RANGE_LOOP_ANALYSIS = YES;
				CLANG_WARN_STRICT_PROTOTYPES = YES;
				CLANG_WARN_SUSPICIOUS_MOVE = YES;
				CLANG_WARN_UNGUARDED_AVAILABILITY = YES_AGGRESSIVE;
				CLANG_WARN_UNREACHABLE_CODE = YES;
				CLANG_WARN__DUPLICATE_METHOD_MATCH = YES;
				COPY_PHASE_STRIP = NO;
				DEBUG_INFORMATION_FORMAT = "dwarf-with-dsym";
				ENABLE_NS_ASSERTIONS = NO;
				ENABLE_STRICT_OBJC_MSGSEND = YES;
				ENABLE_USER_SCRIPT_SANDBOXING = YES;
				GCC_C_LANGUAGE_STANDARD = gnu17;
				GCC_NO_COMMON_BLOCKS = YES;
				GCC_WARN_64_TO_32_BIT_CONVERSION = YES;
				GCC_WARN_ABOUT_RETURN_TYPE = YES_ERROR;
				GCC_WARN_UNDECLARED_SELECTOR = YES;
				GCC_WARN_UNINITIALIZED_AUTOS = YES_AGGRESSIVE;
				GCC_WARN_UNUSED_FUNCTION = YES;
				GCC_WARN_UNUSED_VARIABLE = YES;
				IPHONEOS_DEPLOYMENT_TARGET = 18.1;
				LOCALIZATION_PREFERS_STRING_CATALOGS = YES;
				MTL_ENABLE_DEBUG_INFO = NO;
				MTL_FAST_MATH = YES;
				SDKROOT = iphoneos;
				SWIFT_COMPILATION_MODE = wholemodule;
				VALIDATE_PRODUCT = YES;
			};
			name = Release;
		};
		3A385DE42CFDEFCC00BA63FE /* Debug */ = {
			isa = XCBuildConfiguration;
			buildSettings = {
				ASSETCATALOG_COMPILER_APPICON_NAME = AppIcon;
				ASSETCATALOG_COMPILER_GLOBAL_ACCENT_COLOR_NAME = AccentColor;
				CODE_SIGN_STYLE = Automatic;
				CURRENT_PROJECT_VERSION = 1;
				DEVELOPMENT_ASSET_PATHS = "\"MyBuddyDemo/Preview Content\"";
				ENABLE_PREVIEWS = YES;
				GENERATE_INFOPLIST_FILE = YES;
				INFOPLIST_KEY_UIApplicationSceneManifest_Generation = YES;
				INFOPLIST_KEY_UIApplicationSupportsIndirectInputEvents = YES;
				INFOPLIST_KEY_UILaunchScreen_Generation = YES;
				INFOPLIST_KEY_UISupportedInterfaceOrientations_iPad = "UIInterfaceOrientationPortrait UIInterfaceOrientationPortraitUpsideDown UIInterfaceOrientationLandscapeLeft UIInterfaceOrientationLandscapeRight";
				INFOPLIST_KEY_UISupportedInterfaceOrientations_iPhone = "UIInterfaceOrientationPortrait UIInterfaceOrientationLandscapeLeft UIInterfaceOrientationLandscapeRight";
				LD_RUNPATH_SEARCH_PATHS = (
					"$(inherited)",
					"@executable_path/Frameworks",
				);
				MARKETING_VERSION = 1.0;
				PRODUCT_BUNDLE_IDENTIFIER = com.example.MyBuddyDemo;
				PRODUCT_NAME = "$(TARGET_NAME)";
				SWIFT_EMIT_LOC_STRINGS = YES;
				SWIFT_VERSION = 5.0;
				TARGETED_DEVICE_FAMILY = "1,2";
			};
			name = Debug;
		};
		3A385DE52CFDEFCC00BA63FE /* Release */ = {
			isa = XCBuildConfiguration;
			buildSettings = {
				ASSETCATALOG_COMPILER_APPICON_NAME = AppIcon;
				ASSETCATALOG_COMPILER_GLOBAL_ACCENT_COLOR_NAME = AccentColor;
				CODE_SIGN_STYLE = Automatic;
				CURRENT_PROJECT_VERSION = 1;
				DEVELOPMENT_ASSET_PATHS = "\"MyBuddyDemo/Preview Content\"";
				ENABLE_PREVIEWS = YES;
				GENERATE_INFOPLIST_FILE = YES;
				INFOPLIST_KEY_UIApplicationSceneManifest_Generation = YES;
				INFOPLIST_KEY_UIApplicationSupportsIndirectInputEvents = YES;
				INFOPLIST_KEY_UILaunchScreen_Generation = YES;
				INFOPLIST_KEY_UISupportedInterfaceOrientations_iPad = "UIInterfaceOrientationPortrait UIInterfaceOrientationPortraitUpsideDown UIInterfaceOrientationLandscapeLeft UIInterfaceOrientationLandscapeRight";
				INFOPLIST_KEY_UISupportedInterfaceOrientations_iPhone = "UIInterfaceOrientationPortrait UIInterfaceOrientationLandscapeLeft UIInterfaceOrientationLandscapeRight";
				LD_RUNPATH_SEARCH_PATHS = (
					"$(inherited)",
					"@executable_path/Frameworks",
				);
				MARKETING_VERSION = 1.0;
				PRODUCT_BUNDLE_IDENTIFIER = com.example.MyBuddyDemo;
				PRODUCT_NAME = "$(TARGET_NAME)";
				SWIFT_EMIT_LOC_STRINGS = YES;
				SWIFT_VERSION = 5.0;
				TARGETED_DEVICE_FAMILY = "1,2";
			};
			name = Release;
		};
		3A385DE72CFDEFCC00BA63FE /* Debug */ = {
			isa = XCBuildConfiguration;
			buildSettings = {
				BUNDLE_LOADER = "$(TEST_HOST)";
				CODE_SIGN_STYLE = Automatic;
				CURRENT_PROJECT_VERSION = 1;
				GENERATE_INFOPLIST_FILE = YES;
				IPHONEOS_DEPLOYMENT_TARGET = 18.1;
				MARKETING_VERSION = 1.0;
				PRODUCT_BUNDLE_IDENTIFIER = com.example.MyBuddyDemoTests;
				PRODUCT_NAME = "$(TARGET_NAME)";
				SWIFT_EMIT_LOC_STRINGS = NO;
				SWIFT_VERSION = 5.0;
				TARGETED_DEVICE_FAMILY = "1,2";
				TEST_HOST = "$(BUILT_PRODUCTS_DIR)/MyBuddyDemo.app/$(BUNDLE_EXECUTABLE_FOLDER_PATH)/MyBuddyDemo";
			};
			name = Debug;
		};
		3A385DE82CFDEFCC00BA63FE /* Release */ = {
			isa = XCBuildConfiguration;
			buildSettings = {
				BUNDLE_LOADER = "$(TEST_HOST)";
				CODE_SIGN_STYLE = Automatic;
				CURRENT_PROJECT_VERSION = 1;
				GENERATE_INFOPLIST_FILE = YES;
				IPHONEOS_DEPLOYMENT_TARGET = 18.1;
				MARKETING_VERSION = 1.0;
				PRODUCT_BUNDLE_IDENTIFIER = com.example.MyBuddyDemoTests;
				PRODUCT_NAME = "$(TARGET_NAME)";
				SWIFT_EMIT_LOC_STRINGS = NO;
				SWIFT_VERSION = 5.0;
				TARGETED_DEVICE_FAMILY = "1,2";
				TEST_HOST = "$(BUILT_PRODUCTS_DIR)/MyBuddyDemo.app/$(BUNDLE_EXECUTABLE_FOLDER_PATH)/MyBuddyDemo";
			};
			name = Release;
		};
		3A385DEA2CFDEFCC00BA63FE /* Debug */ = {
			isa = XCBuildConfiguration;
			buildSettings = {
				CODE_SIGN_STYLE = Automatic;
				CURRENT_PROJECT_VERSION = 1;
				GENERATE_INFOPLIST_FILE = YES;
				MARKETING_VERSION = 1.0;
				PRODUCT_BUNDLE_IDENTIFIER = com.example.MyBuddyDemoUITests;
				PRODUCT_NAME = "$(TARGET_NAME)";
				SWIFT_EMIT_LOC_STRINGS = NO;
				SWIFT_VERSION = 5.0;
				TARGETED_DEVICE_FAMILY = "1,2";
				TEST_TARGET_NAME = MyBuddyDemo;
			};
			name = Debug;
		};
		3A385DEB2CFDEFCC00BA63FE /* Release */ = {
			isa = XCBuildConfiguration;
			buildSettings = {
				CODE_SIGN_STYLE = Automatic;
				CURRENT_PROJECT_VERSION = 1;
				GENERATE_INFOPLIST_FILE = YES;
				MARKETING_VERSION = 1.0;
				PRODUCT_BUNDLE_IDENTIFIER = com.example.MyBuddyDemoUITests;
				PRODUCT_NAME = "$(TARGET_NAME)";
				SWIFT_EMIT_LOC_STRINGS = NO;
				SWIFT_VERSION = 5.0;
				TARGETED_DEVICE_FAMILY = "1,2";
				TEST_TARGET_NAME = MyBuddyDemo;
			};
			name = Release;
		};
/* End XCBuildConfiguration section */

/* Begin XCConfigurationList section */
		3A385DBA2CFDEFCB00BA63FE /* Build configuration list for PBXProject "MyBuddyDemo" */ = {
			isa = XCConfigurationList;
			buildConfigurations = (
				3A385DE12CFDEFCC00BA63FE /* Debug */,
				3A385DE22CFDEFCC00BA63FE /* Release */,
			);
			defaultConfigurationIsVisible = 0;
			defaultConfigurationName = Release;
		};
		3A385DE32CFDEFCC00BA63FE /* Build configuration list for PBXNativeTarget "MyBuddyDemo" */ = {
			isa = XCConfigurationList;
			buildConfigurations = (
				3A385DE42CFDEFCC00BA63FE /* Debug */,
				3A385DE52CFDEFCC00BA63FE /* Release */,
			);
			defaultConfigurationIsVisible = 0;
			defaultConfigurationName = Release;
		};
		3A385DE62CFDEFCC00BA63FE /* Build configuration list for PBXNativeTarget "MyBuddyDemoTests" */ = {
			isa = XCConfigurationList;
			buildConfigurations = (
				3A385DE72CFDEFCC00BA63FE /* Debug */,
				3A385DE82CFDEFCC00BA63FE /* Release */,
			);
			defaultConfigurationIsVisible = 0;
			defaultConfigurationName = Release;
		};
		3A385DE92CFDEFCC00BA63FE /* Build configuration list for PBXNativeTarget "MyBuddyDemoUITests" */ = {
			isa = XCConfigurationList;
			buildConfigurations = (
				3A385DEA2CFDEFCC00BA63FE /* Debug */,
				3A385DEB2CFDEFCC00BA63FE /* Release */,
			);
			defaultConfigurationIsVisible = 0;
			defaultConfigurationName = Release;
		};
/* End XCConfigurationList section */
	};
	rootObject = 3A385DB72CFDEFCB00BA63FE /* Project object */;
}
